
Microsoft Visual Studio Solution File, Format Version 12.00
Project("{FAE04EC0-301F-11D3-BF4B-00C04F79EFBC}") = "Lab1", "Lab1\Lab1.csproj", "{9F8F1070-56CB-418F-8083-4B6039426D8B}"
EndProject
Project("{FAE04EC0-301F-11D3-BF4B-00C04F79EFBC}") = "Lab2", "Lab2\Lab2.csproj", "{5489625D-9198-410A-97E6-E4A7A5259F12}"
EndProject
Project("{FAE04EC0-301F-11D3-BF4B-00C04F79EFBC}") = "Lab3", "Lab3\Lab3.csproj", "{F8DC4102-8DA8-40B1-B3E8-F378F52F206B}"
EndProject
Project("{FAE04EC0-301F-11D3-BF4B-00C04F79EFBC}") = "Lab4", "Lab4\Lab4.csproj", "{A524D50E-AC48-463F-86AD-F706882EFDF2}"
EndProject
Global
	GlobalSection(SolutionConfigurationPlatforms) = preSolution
		Debug|Any CPU = Debug|Any CPU
		Release|Any CPU = Release|Any CPU
	EndGlobalSection
	GlobalSection(ProjectConfigurationPlatforms) = postSolution
		{9F8F1070-56CB-418F-8083-4B6039426D8B}.Debug|Any CPU.ActiveCfg = Debug|Any CPU
		{9F8F1070-56CB-418F-8083-4B6039426D8B}.Debug|Any CPU.Build.0 = Debug|Any CPU
		{9F8F1070-56CB-418F-8083-4B6039426D8B}.Release|Any CPU.ActiveCfg = Release|Any CPU
		{9F8F1070-56CB-418F-8083-4B6039426D8B}.Release|Any CPU.Build.0 = Release|Any CPU
		{5489625D-9198-410A-97E6-E4A7A5259F12}.Debug|Any CPU.ActiveCfg = Debug|Any CPU
		{5489625D-9198-410A-97E6-E4A7A5259F12}.Debug|Any CPU.Build.0 = Debug|Any CPU
		{5489625D-9198-410A-97E6-E4A7A5259F12}.Release|Any CPU.ActiveCfg = Release|Any CPU
		{5489625D-9198-410A-97E6-E4A7A5259F12}.Release|Any CPU.Build.0 = Release|Any CPU
		{F8DC4102-8DA8-40B1-B3E8-F378F52F206B}.Debug|Any CPU.ActiveCfg = Debug|Any CPU
		{F8DC4102-8DA8-40B1-B3E8-F378F52F206B}.Debug|Any CPU.Build.0 = Debug|Any CPU
		{F8DC4102-8DA8-40B1-B3E8-F378F52F206B}.Release|Any CPU.ActiveCfg = Release|Any CPU
		{F8DC4102-8DA8-40B1-B3E8-F378F52F206B}.Release|Any CPU.Build.0 = Release|Any CPU
		{A524D50E-AC48-463F-86AD-F706882EFDF2}.Debug|Any CPU.ActiveCfg = Debug|Any CPU
		{A524D50E-AC48-463F-86AD-F706882EFDF2}.Debug|Any CPU.Build.0 = Debug|Any CPU
		{A524D50E-AC48-463F-86AD-F706882EFDF2}.Release|Any CPU.ActiveCfg = Release|Any CPU
		{A524D50E-AC48-463F-86AD-F706882EFDF2}.Release|Any CPU.Build.0 = Release|Any CPU
	EndGlobalSection
EndGlobal
