
Microsoft Visual Studio Solution File, Format Version 12.00
Project("{FAE04EC0-301F-11D3-BF4B-00C04F79EFBC}") = "Lab1", "Lab1\Lab1.csproj", "{9F8F1070-56CB-418F-8083-4B6039426D8B}"
EndProject
Project("{FAE04EC0-301F-11D3-BF4B-00C04F79EFBC}") = "Lab2", "Lab2\Lab2.csproj", "{5489625D-9198-410A-97E6-E4A7A5259F12}"
EndProject
Project("{FAE04EC0-301F-11D3-BF4B-00C04F79EFBC}") = "Lab3", "Lab3\Lab3.csproj", "{F8DC4102-8DA8-40B1-B3E8-F378F52F206B}"
EndProject
Project("{FAE04EC0-301F-11D3-BF4B-00C04F79EFBC}") = "Lab4", "Lab4\Lab4.csproj", "{A524D50E-AC48-463F-86AD-F706882EFDF2}"
EndProject
Project("{FAE04EC0-301F-11D3-BF4B-00C04F79EFBC}") = "Lab5", "Lab5\Lab5.csproj", "{927C29D7-48C4-41E3-B859-AC237B4A3113}"
EndProject
Project("{FAE04EC0-301F-11D3-BF4B-00C04F79EFBC}") = "Lab6", "Lab6\Lab6.csproj", "{3613BBE9-6D5D-4AE2-BA4E-40F1851B0DB9}"
EndProject
Project("{FAE04EC0-301F-11D3-BF4B-00C04F79EFBC}") = "Lab7", "Lab7\Lab7.csproj", "{A13AE711-639B-431F-8C7D-58B5A6125DFB}"
EndProject
Project("{FAE04EC0-301F-11D3-BF4B-00C04F79EFBC}") = "ReflectionCsharp", "ReflectionCsharp\ReflectionCsharp.csproj", "{BA4179D7-2EA4-491F-972E-FE52E74BD055}"
EndProject
Project("{FAE04EC0-301F-11D3-BF4B-00C04F79EFBC}") = "GenericType", "GenericType\GenericType.csproj", "{2B28AB97-D908-475E-9A45-1347EB8BC0A7}"
EndProject
Global
	GlobalSection(SolutionConfigurationPlatforms) = preSolution
		Debug|Any CPU = Debug|Any CPU
		Release|Any CPU = Release|Any CPU
	EndGlobalSection
	GlobalSection(ProjectConfigurationPlatforms) = postSolution
		{9F8F1070-56CB-418F-8083-4B6039426D8B}.Debug|Any CPU.ActiveCfg = Debug|Any CPU
		{9F8F1070-56CB-418F-8083-4B6039426D8B}.Debug|Any CPU.Build.0 = Debug|Any CPU
		{9F8F1070-56CB-418F-8083-4B6039426D8B}.Release|Any CPU.ActiveCfg = Release|Any CPU
		{9F8F1070-56CB-418F-8083-4B6039426D8B}.Release|Any CPU.Build.0 = Release|Any CPU
		{5489625D-9198-410A-97E6-E4A7A5259F12}.Debug|Any CPU.ActiveCfg = Debug|Any CPU
		{5489625D-9198-410A-97E6-E4A7A5259F12}.Debug|Any CPU.Build.0 = Debug|Any CPU
		{5489625D-9198-410A-97E6-E4A7A5259F12}.Release|Any CPU.ActiveCfg = Release|Any CPU
		{5489625D-9198-410A-97E6-E4A7A5259F12}.Release|Any CPU.Build.0 = Release|Any CPU
		{F8DC4102-8DA8-40B1-B3E8-F378F52F206B}.Debug|Any CPU.ActiveCfg = Debug|Any CPU
		{F8DC4102-8DA8-40B1-B3E8-F378F52F206B}.Debug|Any CPU.Build.0 = Debug|Any CPU
		{F8DC4102-8DA8-40B1-B3E8-F378F52F206B}.Release|Any CPU.ActiveCfg = Release|Any CPU
		{F8DC4102-8DA8-40B1-B3E8-F378F52F206B}.Release|Any CPU.Build.0 = Release|Any CPU
		{A524D50E-AC48-463F-86AD-F706882EFDF2}.Debug|Any CPU.ActiveCfg = Debug|Any CPU
		{A524D50E-AC48-463F-86AD-F706882EFDF2}.Debug|Any CPU.Build.0 = Debug|Any CPU
		{A524D50E-AC48-463F-86AD-F706882EFDF2}.Release|Any CPU.ActiveCfg = Release|Any CPU
		{A524D50E-AC48-463F-86AD-F706882EFDF2}.Release|Any CPU.Build.0 = Release|Any CPU
		{927C29D7-48C4-41E3-B859-AC237B4A3113}.Debug|Any CPU.ActiveCfg = Debug|Any CPU
		{927C29D7-48C4-41E3-B859-AC237B4A3113}.Debug|Any CPU.Build.0 = Debug|Any CPU
		{927C29D7-48C4-41E3-B859-AC237B4A3113}.Release|Any CPU.ActiveCfg = Release|Any CPU
		{927C29D7-48C4-41E3-B859-AC237B4A3113}.Release|Any CPU.Build.0 = Release|Any CPU
		{3613BBE9-6D5D-4AE2-BA4E-40F1851B0DB9}.Debug|Any CPU.ActiveCfg = Debug|Any CPU
		{3613BBE9-6D5D-4AE2-BA4E-40F1851B0DB9}.Debug|Any CPU.Build.0 = Debug|Any CPU
		{3613BBE9-6D5D-4AE2-BA4E-40F1851B0DB9}.Release|Any CPU.ActiveCfg = Release|Any CPU
		{3613BBE9-6D5D-4AE2-BA4E-40F1851B0DB9}.Release|Any CPU.Build.0 = Release|Any CPU
		{A13AE711-639B-431F-8C7D-58B5A6125DFB}.Debug|Any CPU.ActiveCfg = Debug|Any CPU
		{A13AE711-639B-431F-8C7D-58B5A6125DFB}.Debug|Any CPU.Build.0 = Debug|Any CPU
		{A13AE711-639B-431F-8C7D-58B5A6125DFB}.Release|Any CPU.ActiveCfg = Release|Any CPU
		{A13AE711-639B-431F-8C7D-58B5A6125DFB}.Release|Any CPU.Build.0 = Release|Any CPU
		{BA4179D7-2EA4-491F-972E-FE52E74BD055}.Debug|Any CPU.ActiveCfg = Debug|Any CPU
		{BA4179D7-2EA4-491F-972E-FE52E74BD055}.Debug|Any CPU.Build.0 = Debug|Any CPU
		{BA4179D7-2EA4-491F-972E-FE52E74BD055}.Release|Any CPU.ActiveCfg = Release|Any CPU
		{BA4179D7-2EA4-491F-972E-FE52E74BD055}.Release|Any CPU.Build.0 = Release|Any CPU
		{2B28AB97-D908-475E-9A45-1347EB8BC0A7}.Debug|Any CPU.ActiveCfg = Debug|Any CPU
		{2B28AB97-D908-475E-9A45-1347EB8BC0A7}.Debug|Any CPU.Build.0 = Debug|Any CPU
		{2B28AB97-D908-475E-9A45-1347EB8BC0A7}.Release|Any CPU.ActiveCfg = Release|Any CPU
		{2B28AB97-D908-475E-9A45-1347EB8BC0A7}.Release|Any CPU.Build.0 = Release|Any CPU
	EndGlobalSection
EndGlobal
